version = 1
revision = 3
requires-python = ">=3.9"

[[package]]
name = "argparse"
version = "1.4.0"
source = { registry = "https://pypi.org/simple" }
sdist = { url = "https://files.pythonhosted.org/packages/18/dd/e617cfc3f6210ae183374cd9f6a26b20514bbb5a792af97949c5aacddf0f/argparse-1.4.0.tar.gz", hash = "sha256:62b089a55be1d8949cd2bc7e0df0bddb9e028faefc8c32038cc84862aefdd6e4", size = 70508, upload-time = "2015-09-12T20:22:16.217Z" }
wheels = [
    { url = "https://files.pythonhosted.org/packages/f2/94/3af39d34be01a24a6e65433d19e107099374224905f1e0cc6bbe1fd22a2f/argparse-1.4.0-py2.py3-none-any.whl", hash = "sha256:c31647edb69fd3d465a847ea3157d37bed1f95f19760b11a47aa91c04b666314", size = 23000, upload-time = "2015-09-14T16:03:16.137Z" },
]

[[package]]
name = "gapp"
version = "0.1.0"
source = { editable = "." }
dependencies = [
    { name = "argparse" },
    { name = "gpsdclient" },
]

[package.metadata]
requires-dist = [
    { name = "argparse", specifier = ">=1.4.0" },
    { name = "gpsdclient", specifier = ">=1.3.2" },
]

[[package]]
name = "gpsdclient"
version = "1.3.2"
source = { registry = "https://pypi.org/simple" }
sdist = { url = "https://files.pythonhosted.org/packages/0a/85/9bfbc7ea5dd5c61f43ad048efe10d0a5a2d8ffd82143329fa380771221b8/gpsdclient-1.3.2.tar.gz", hash = "sha256:70a496550a9747dff5e0e50b3c95a6e1dcab9d842860997e95120767e2060a7a", size = 7619, upload-time = "2023-01-09T11:29:17.995Z" }
wheels = [
    { url = "https://files.pythonhosted.org/packages/76/e9/f8a624fbbe177da2274e8d37d08fabde8269e8fead25b22deda94c3caf88/gpsdclient-1.3.2-py3-none-any.whl", hash = "sha256:35a7f781ae69a04f2d80278a6ae94564e524efaf061646c0a9bbb6ba4ffbcac8", size = 7934, upload-time = "2023-01-09T11:29:16.461Z" },
]
